
Microsoft Visual Studio Solution File, Format Version 12.00
# Visual Studio Version 16
VisualStudioVersion = 16.0.30011.22
MinimumVisualStudioVersion = 10.0.40219.1
Project("{9A19103F-16F7-4668-BE54-9A1E7A4F7556}") = "DocFx", "DocFx\DocFx.csproj", "{62427A4C-A81F-46E2-81D2-DF24EF730C8D}"
EndProject
Project("{2150E333-8FDC-42A3-9474-1A3956D46DE8}") = "Solution Items", "Solution Items", "{5E95E11B-10D6-4158-A9C6-452994FBF7B3}"
	ProjectSection(SolutionItems) = preProject
		.gitignore = .gitignore
		README.md = README.md
	EndProjectSection
EndProject
Global
	GlobalSection(SolutionConfigurationPlatforms) = preSolution
		Debug|Any CPU = Debug|Any CPU
		Release|Any CPU = Release|Any CPU
	EndGlobalSection
	GlobalSection(ProjectConfigurationPlatforms) = postSolution
		{62427A4C-A81F-46E2-81D2-DF24EF730C8D}.Debug|Any CPU.ActiveCfg = Debug|Any CPU
		{62427A4C-A81F-46E2-81D2-DF24EF730C8D}.Debug|Any CPU.Build.0 = Debug|Any CPU
		{62427A4C-A81F-46E2-81D2-DF24EF730C8D}.Release|Any CPU.ActiveCfg = Release|Any CPU
		{62427A4C-A81F-46E2-81D2-DF24EF730C8D}.Release|Any CPU.Build.0 = Release|Any CPU
	EndGlobalSection
	GlobalSection(SolutionProperties) = preSolution
		HideSolutionNode = FALSE
	EndGlobalSection
	GlobalSection(ExtensibilityGlobals) = postSolution
		SolutionGuid = {9B941DF2-C7D7-4BAA-A66E-A9EF4F768175}
	EndGlobalSection
EndGlobal
